
Microsoft Visual Studio Solution File, Format Version 12.00
# Visual Studio Version 16
VisualStudioVersion = 16.0.29306.81
MinimumVisualStudioVersion = 10.0.40219.1
Project("{FAE04EC0-301F-11D3-BF4B-00C04F79EFBC}") = "Parameterize.Net", "Parameterize.Net\Parameterize.Net.csproj", "{EB3DD5D1-5565-4C75-9248-3CB8E03C7CA2}"
EndProject
Project("{FAE04EC0-301F-11D3-BF4B-00C04F79EFBC}") = "FastTests", "FastTests\FastTests.csproj", "{FB3DF285-A2C1-4B8E-8E43-B2EA7119A6E5}"
EndProject
Project("{FAE04EC0-301F-11D3-BF4B-00C04F79EFBC}") = "ConfigTests", "ConfigTests\ConfigTests.csproj", "{BEAC191E-0468-48B5-A307-F695C83AC65F}"
EndProject
Global
	GlobalSection(SolutionConfigurationPlatforms) = preSolution
		Debug|Any CPU = Debug|Any CPU
		Release|Any CPU = Release|Any CPU
	EndGlobalSection
	GlobalSection(ProjectConfigurationPlatforms) = postSolution
		{EB3DD5D1-5565-4C75-9248-3CB8E03C7CA2}.Debug|Any CPU.ActiveCfg = Debug|Any CPU
		{EB3DD5D1-5565-4C75-9248-3CB8E03C7CA2}.Debug|Any CPU.Build.0 = Debug|Any CPU
		{EB3DD5D1-5565-4C75-9248-3CB8E03C7CA2}.Release|Any CPU.ActiveCfg = Release|Any CPU
		{EB3DD5D1-5565-4C75-9248-3CB8E03C7CA2}.Release|Any CPU.Build.0 = Release|Any CPU
		{FB3DF285-A2C1-4B8E-8E43-B2EA7119A6E5}.Debug|Any CPU.ActiveCfg = Debug|Any CPU
		{FB3DF285-A2C1-4B8E-8E43-B2EA7119A6E5}.Debug|Any CPU.Build.0 = Debug|Any CPU
		{FB3DF285-A2C1-4B8E-8E43-B2EA7119A6E5}.Release|Any CPU.ActiveCfg = Release|Any CPU
		{FB3DF285-A2C1-4B8E-8E43-B2EA7119A6E5}.Release|Any CPU.Build.0 = Release|Any CPU
		{BEAC191E-0468-48B5-A307-F695C83AC65F}.Debug|Any CPU.ActiveCfg = Debug|Any CPU
		{BEAC191E-0468-48B5-A307-F695C83AC65F}.Debug|Any CPU.Build.0 = Debug|Any CPU
		{BEAC191E-0468-48B5-A307-F695C83AC65F}.Release|Any CPU.ActiveCfg = Release|Any CPU
		{BEAC191E-0468-48B5-A307-F695C83AC65F}.Release|Any CPU.Build.0 = Release|Any CPU
	EndGlobalSection
	GlobalSection(SolutionProperties) = preSolution
		HideSolutionNode = FALSE
	EndGlobalSection
	GlobalSection(ExtensibilityGlobals) = postSolution
		SolutionGuid = {EC3CB9EE-D87F-407A-BFD5-EEFB47B5D78A}
	EndGlobalSection
EndGlobal
